
Microsoft Visual Studio Solution File, Format Version 12.00
# Visual Studio Version 17
VisualStudioVersion = 17.8.34525.116
MinimumVisualStudioVersion = 10.0.40219.1
Project("{FAE04EC0-301F-11D3-BF4B-00C04F79EFBC}") = "GenericTypesInCSharp", "GenericTypesInCSharp\GenericTypesInCSharp.csproj", "{AF2AFDD3-EFC3-4B95-84DB-9FFE3A42EE45}"
EndProject
Global
	GlobalSection(SolutionConfigurationPlatforms) = preSolution
		Debug|Any CPU = Debug|Any CPU
		Release|Any CPU = Release|Any CPU
	EndGlobalSection
	GlobalSection(ProjectConfigurationPlatforms) = postSolution
		{AF2AFDD3-EFC3-4B95-84DB-9FFE3A42EE45}.Debug|Any CPU.ActiveCfg = Debug|Any CPU
		{AF2AFDD3-EFC3-4B95-84DB-9FFE3A42EE45}.Debug|Any CPU.Build.0 = Debug|Any CPU
		{AF2AFDD3-EFC3-4B95-84DB-9FFE3A42EE45}.Release|Any CPU.ActiveCfg = Release|Any CPU
		{AF2AFDD3-EFC3-4B95-84DB-9FFE3A42EE45}.Release|Any CPU.Build.0 = Release|Any CPU
	EndGlobalSection
	GlobalSection(SolutionProperties) = preSolution
		HideSolutionNode = FALSE
	EndGlobalSection
	GlobalSection(ExtensibilityGlobals) = postSolution
		SolutionGuid = {E4C5B0BA-D871-4B8E-AE98-ED00C5565B84}
	EndGlobalSection
EndGlobal
